
Microsoft Visual Studio Solution File, Format Version 12.00
# Visual Studio Version 16
VisualStudioVersion = 16.0.29613.14
MinimumVisualStudioVersion = 10.0.40219.1
Project("{F2A71F9B-5D33-465A-A702-920D77279786}") = "WebApplication1", "WebApplication1\WebApplication1.fsproj", "{F1B89DD5-A4BD-40E6-9A77-EDB0E7470983}"
EndProject
Global
	GlobalSection(SolutionConfigurationPlatforms) = preSolution
		Debug|Any CPU = Debug|Any CPU
		Release|Any CPU = Release|Any CPU
	EndGlobalSection
	GlobalSection(ProjectConfigurationPlatforms) = postSolution
		{F1B89DD5-A4BD-40E6-9A77-EDB0E7470983}.Debug|Any CPU.ActiveCfg = Debug|Any CPU
		{F1B89DD5-A4BD-40E6-9A77-EDB0E7470983}.Debug|Any CPU.Build.0 = Debug|Any CPU
		{F1B89DD5-A4BD-40E6-9A77-EDB0E7470983}.Release|Any CPU.ActiveCfg = Release|Any CPU
		{F1B89DD5-A4BD-40E6-9A77-EDB0E7470983}.Release|Any CPU.Build.0 = Release|Any CPU
	EndGlobalSection
	GlobalSection(SolutionProperties) = preSolution
		HideSolutionNode = FALSE
	EndGlobalSection
	GlobalSection(ExtensibilityGlobals) = postSolution
		SolutionGuid = {677BAA96-EE7F-49AD-95B3-5EBC1AFC124E}
	EndGlobalSection
EndGlobal
